// !$*UTF8*$!
{
	archiveVersion = 1;
	classes = {
	};
	objectVersion = 46;
	objects = {

/* Begin PBXBuildFile section */
		7FB1E87F1CF99A1200EFB23B /* AppDelegate.swift in Sources */ = {isa = PBXBuildFile; fileRef = 7FB1E87E1CF99A1200EFB23B /* AppDelegate.swift */; };
		7FB1E8811CF99A1200EFB23B /* ViewController.swift in Sources */ = {isa = PBXBuildFile; fileRef = 7FB1E8801CF99A1200EFB23B /* ViewController.swift */; };
		7FB1E8841CF99A1200EFB23B /* Main.storyboard in Resources */ = {isa = PBXBuildFile; fileRef = 7FB1E8821CF99A1200EFB23B /* Main.storyboard */; };
		7FB1E8861CF99A1200EFB23B /* Assets.xcassets in Resources */ = {isa = PBXBuildFile; fileRef = 7FB1E8851CF99A1200EFB23B /* Assets.xcassets */; };
		7FB1E8891CF99A1200EFB23B /* LaunchScreen.storyboard in Resources */ = {isa = PBXBuildFile; fileRef = 7FB1E8871CF99A1200EFB23B /* LaunchScreen.storyboard */; };
		7FB1E8941CF99A1300EFB23B /* BePreparedTests.swift in Sources */ = {isa = PBXBuildFile; fileRef = 7FB1E8931CF99A1300EFB23B /* BePreparedTests.swift */; };
		7FB1E89F1CF99A1300EFB23B /* BePreparedUITests.swift in Sources */ = {isa = PBXBuildFile; fileRef = 7FB1E89E1CF99A1300EFB23B /* BePreparedUITests.swift */; };
		7FB1E8AD1CF9B31A00EFB23B /* AddViewController.swift in Sources */ = {isa = PBXBuildFile; fileRef = 7FB1E8AC1CF9B31A00EFB23B /* AddViewController.swift */; };
		7FBE77F21D27641C0026E8E1 /* WebSiteViewController.swift in Sources */ = {isa = PBXBuildFile; fileRef = 7FBE77F11D27641C0026E8E1 /* WebSiteViewController.swift */; };
/* End PBXBuildFile section */

/* Begin PBXContainerItemProxy section */
		7FB1E8901CF99A1300EFB23B /* PBXContainerItemProxy */ = {
			isa = PBXContainerItemProxy;
			containerPortal = 7FB1E8731CF99A1200EFB23B /* Project object */;
			proxyType = 1;
			remoteGlobalIDString = 7FB1E87A1CF99A1200EFB23B;
			remoteInfo = BePrepared;
		};
		7FB1E89B1CF99A1300EFB23B /* PBXContainerItemProxy */ = {
			isa = PBXContainerItemProxy;
			containerPortal = 7FB1E8731CF99A1200EFB23B /* Project object */;
			proxyType = 1;
			remoteGlobalIDString = 7FB1E87A1CF99A1200EFB23B;
			remoteInfo = BePrepared;
		};
/* End PBXContainerItemProxy section */

/* Begin PBXFileReference section */
		7FB1E87B1CF99A1200EFB23B /* BePrepared.app */ = {isa = PBXFileReference; explicitFileType = wrapper.application; includeInIndex = 0; path = BePrepared.app; sourceTree = BUILT_PRODUCTS_DIR; };
		7FB1E87E1CF99A1200EFB23B /* AppDelegate.swift */ = {isa = PBXFileReference; lastKnownFileType = sourcecode.swift; path = AppDelegate.swift; sourceTree = "<group>"; };
		7FB1E8801CF99A1200EFB23B /* ViewController.swift */ = {isa = PBXFileReference; lastKnownFileType = sourcecode.swift; path = ViewController.swift; sourceTree = "<group>"; };
		7FB1E8831CF99A1200EFB23B /* Base */ = {isa = PBXFileReference; lastKnownFileType = file.storyboard; name = Base; path = Base.lproj/Main.storyboard; sourceTree = "<group>"; };
		7FB1E8851CF99A1200EFB23B /* Assets.xcassets */ = {isa = PBXFileReference; lastKnownFileType = folder.assetcatalog; path = Assets.xcassets; sourceTree = "<group>"; };
		7FB1E8881CF99A1200EFB23B /* Base */ = {isa = PBXFileReference; lastKnownFileType = file.storyboard; name = Base; path = Base.lproj/LaunchScreen.storyboard; sourceTree = "<group>"; };
		7FB1E88A1CF99A1200EFB23B /* Info.plist */ = {isa = PBXFileReference; lastKnownFileType = text.plist.xml; path = Info.plist; sourceTree = "<group>"; };
		7FB1E88F1CF99A1300EFB23B /* BePreparedTests.xctest */ = {isa = PBXFileReference; explicitFileType = wrapper.cfbundle; includeInIndex = 0; path = BePreparedTests.xctest; sourceTree = BUILT_PRODUCTS_DIR; };
		7FB1E8931CF99A1300EFB23B /* BePreparedTests.swift */ = {isa = PBXFileReference; lastKnownFileType = sourcecode.swift; path = BePreparedTests.swift; sourceTree = "<group>"; };
		7FB1E8951CF99A1300EFB23B /* Info.plist */ = {isa = PBXFileReference; lastKnownFileType = text.plist.xml; path = Info.plist; sourceTree = "<group>"; };
		7FB1E89A1CF99A1300EFB23B /* BePreparedUITests.xctest */ = {isa = PBXFileReference; explicitFileType = wrapper.cfbundle; includeInIndex = 0; path = BePreparedUITests.xctest; sourceTree = BUILT_PRODUCTS_DIR; };
		7FB1E89E1CF99A1300EFB23B /* BePreparedUITests.swift */ = {isa = PBXFileReference; lastKnownFileType = sourcecode.swift; path = BePreparedUITests.swift; sourceTree = "<group>"; };
		7FB1E8A01CF99A1300EFB23B /* Info.plist */ = {isa = PBXFileReference; lastKnownFileType = text.plist.xml; path = Info.plist; sourceTree = "<group>"; };
		7FB1E8AC1CF9B31A00EFB23B /* AddViewController.swift */ = {isa = PBXFileReference; fileEncoding = 4; lastKnownFileType = sourcecode.swift; path = AddViewController.swift; sourceTree = "<group>"; };
		7FBE77F11D27641C0026E8E1 /* WebSiteViewController.swift */ = {isa = PBXFileReference; fileEncoding = 4; lastKnownFileType = sourcecode.swift; path = WebSiteViewController.swift; sourceTree = "<group>"; };
/* End PBXFileReference section */

/* Begin PBXFrameworksBuildPhase section */
		7FB1E8781CF99A1200EFB23B /* Frameworks */ = {
			isa = PBXFrameworksBuildPhase;
			buildActionMask = 2147483647;
			files = (
			);
			runOnlyForDeploymentPostprocessing = 0;
		};
		7FB1E88C1CF99A1300EFB23B /* Frameworks */ = {
			isa = PBXFrameworksBuildPhase;
			buildActionMask = 2147483647;
			files = (
			);
			runOnlyForDeploymentPostprocessing = 0;
		};
		7FB1E8971CF99A1300EFB23B /* Frameworks */ = {
			isa = PBXFrameworksBuildPhase;
			buildActionMask = 2147483647;
			files = (
			);
			runOnlyForDeploymentPostprocessing = 0;
		};
/* End PBXFrameworksBuildPhase section */

/* Begin PBXGroup section */
		7FB1E8721CF99A1200EFB23B = {
			isa = PBXGroup;
			children = (
				7FB1E87D1CF99A1200EFB23B /* BePrepared */,
				7FB1E8921CF99A1300EFB23B /* BePreparedTests */,
				7FB1E89D1CF99A1300EFB23B /* BePreparedUITests */,
				7FB1E87C1CF99A1200EFB23B /* Products */,
			);
			sourceTree = "<group>";
		};
		7FB1E87C1CF99A1200EFB23B /* Products */ = {
			isa = PBXGroup;
			children = (
				7FB1E87B1CF99A1200EFB23B /* BePrepared.app */,
				7FB1E88F1CF99A1300EFB23B /* BePreparedTests.xctest */,
				7FB1E89A1CF99A1300EFB23B /* BePreparedUITests.xctest */,
			);
			name = Products;
			sourceTree = "<group>";
		};
		7FB1E87D1CF99A1200EFB23B /* BePrepared */ = {
			isa = PBXGroup;
			children = (
				7FB1E87E1CF99A1200EFB23B /* AppDelegate.swift */,
				7FB1E8801CF99A1200EFB23B /* ViewController.swift */,
				7FB1E8821CF99A1200EFB23B /* Main.storyboard */,
				7FB1E8851CF99A1200EFB23B /* Assets.xcassets */,
				7FB1E8871CF99A1200EFB23B /* LaunchScreen.storyboard */,
				7FB1E88A1CF99A1200EFB23B /* Info.plist */,
				7FB1E8AC1CF9B31A00EFB23B /* AddViewController.swift */,
				7FBE77F11D27641C0026E8E1 /* WebSiteViewController.swift */,
			);
			path = BePrepared;
			sourceTree = "<group>";
		};
		7FB1E8921CF99A1300EFB23B /* BePreparedTests */ = {
			isa = PBXGroup;
			children = (
				7FB1E8931CF99A1300EFB23B /* BePreparedTests.swift */,
				7FB1E8951CF99A1300EFB23B /* Info.plist */,
			);
			path = BePreparedTests;
			sourceTree = "<group>";
		};
		7FB1E89D1CF99A1300EFB23B /* BePreparedUITests */ = {
			isa = PBXGroup;
			children = (
				7FB1E89E1CF99A1300EFB23B /* BePreparedUITests.swift */,
				7FB1E8A01CF99A1300EFB23B /* Info.plist */,
			);
			path = BePreparedUITests;
			sourceTree = "<group>";
		};
/* End PBXGroup section */

/* Begin PBXNativeTarget section */
		7FB1E87A1CF99A1200EFB23B /* BePrepared */ = {
			isa = PBXNativeTarget;
			buildConfigurationList = 7FB1E8A31CF99A1300EFB23B /* Build configuration list for PBXNativeTarget "BePrepared" */;
			buildPhases = (
				7FB1E8771CF99A1200EFB23B /* Sources */,
				7FB1E8781CF99A1200EFB23B /* Frameworks */,
				7FB1E8791CF99A1200EFB23B /* Resources */,
			);
			buildRules = (
			);
			dependencies = (
			);
			name = BePrepared;
			productName = BePrepared;
			productReference = 7FB1E87B1CF99A1200EFB23B /* BePrepared.app */;
			productType = "com.apple.product-type.application";
		};
		7FB1E88E1CF99A1300EFB23B /* BePreparedTests */ = {
			isa = PBXNativeTarget;
			buildConfigurationList = 7FB1E8A61CF99A1300EFB23B /* Build configuration list for PBXNativeTarget "BePreparedTests" */;
			buildPhases = (
				7FB1E88B1CF99A1300EFB23B /* Sources */,
				7FB1E88C1CF99A1300EFB23B /* Frameworks */,
				7FB1E88D1CF99A1300EFB23B /* Resources */,
			);
			buildRules = (
			);
			dependencies = (
				7FB1E8911CF99A1300EFB23B /* PBXTargetDependency */,
			);
			name = BePreparedTests;
			productName = BePreparedTests;
			productReference = 7FB1E88F1CF99A1300EFB23B /* BePreparedTests.xctest */;
			productType = "com.apple.product-type.bundle.unit-test";
		};
		7FB1E8991CF99A1300EFB23B /* BePreparedUITests */ = {
			isa = PBXNativeTarget;
			buildConfigurationList = 7FB1E8A91CF99A1300EFB23B /* Build configuration list for PBXNativeTarget "BePreparedUITests" */;
			buildPhases = (
				7FB1E8961CF99A1300EFB23B /* Sources */,
				7FB1E8971CF99A1300EFB23B /* Frameworks */,
				7FB1E8981CF99A1300EFB23B /* Resources */,
			);
			buildRules = (
			);
			dependencies = (
				7FB1E89C1CF99A1300EFB23B /* PBXTargetDependency */,
			);
			name = BePreparedUITests;
			productName = BePreparedUITests;
			productReference = 7FB1E89A1CF99A1300EFB23B /* BePreparedUITests.xctest */;
			productType = "com.apple.product-type.bundle.ui-testing";
		};
/* End PBXNativeTarget section */

/* Begin PBXProject section */
		7FB1E8731CF99A1200EFB23B /* Project object */ = {
			isa = PBXProject;
			attributes = {
				LastSwiftUpdateCheck = 0730;
				LastUpgradeCheck = 0730;
				ORGANIZATIONNAME = "reo harada";
				TargetAttributes = {
					7FB1E87A1CF99A1200EFB23B = {
						CreatedOnToolsVersion = 7.3.1;
						DevelopmentTeam = G47HTNUWJA;
					};
					7FB1E88E1CF99A1300EFB23B = {
						CreatedOnToolsVersion = 7.3.1;
						TestTargetID = 7FB1E87A1CF99A1200EFB23B;
					};
					7FB1E8991CF99A1300EFB23B = {
						CreatedOnToolsVersion = 7.3.1;
						TestTargetID = 7FB1E87A1CF99A1200EFB23B;
					};
				};
			};
			buildConfigurationList = 7FB1E8761CF99A1200EFB23B /* Build configuration list for PBXProject "BePrepared" */;
			compatibilityVersion = "Xcode 3.2";
			developmentRegion = English;
			hasScannedForEncodings = 0;
			knownRegions = (
				en,
				Base,
			);
			mainGroup = 7FB1E8721CF99A1200EFB23B;
			productRefGroup = 7FB1E87C1CF99A1200EFB23B /* Products */;
			projectDirPath = "";
			projectRoot = "";
			targets = (
				7FB1E87A1CF99A1200EFB23B /* BePrepared */,
				7FB1E88E1CF99A1300EFB23B /* BePreparedTests */,
				7FB1E8991CF99A1300EFB23B /* BePreparedUITests */,
			);
		};
/* End PBXProject section */

/* Begin PBXResourcesBuildPhase section */
		7FB1E8791CF99A1200EFB23B /* Resources */ = {
			isa = PBXResourcesBuildPhase;
			buildActionMask = 2147483647;
			files = (
				7FB1E8891CF99A1200EFB23B /* LaunchScreen.storyboard in Resources */,
				7FB1E8861CF99A1200EFB23B /* Assets.xcassets in Resources */,
				7FB1E8841CF99A1200EFB23B /* Main.storyboard in Resources */,
			);
			runOnlyForDeploymentPostprocessing = 0;
		};
		7FB1E88D1CF99A1300EFB23B /* Resources */ = {
			isa = PBXResourcesBuildPhase;
			buildActionMask = 2147483647;
			files = (
			);
			runOnlyForDeploymentPostprocessing = 0;
		};
		7FB1E8981CF99A1300EFB23B /* Resources */ = {
			isa = PBXResourcesBuildPhase;
			buildActionMask = 2147483647;
			files = (
			);
			runOnlyForDeploymentPostprocessing = 0;
		};
/* End PBXResourcesBuildPhase section */

/* Begin PBXSourcesBuildPhase section */
		7FB1E8771CF99A1200EFB23B /* Sources */ = {
			isa = PBXSourcesBuildPhase;
			buildActionMask = 2147483647;
			files = (
				7FBE77F21D27641C0026E8E1 /* WebSiteViewController.swift in Sources */,
				7FB1E8811CF99A1200EFB23B /* ViewController.swift in Sources */,
				7FB1E87F1CF99A1200EFB23B /* AppDelegate.swift in Sources */,
				7FB1E8AD1CF9B31A00EFB23B /* AddViewController.swift in Sources */,
			);
			runOnlyForDeploymentPostprocessing = 0;
		};
		7FB1E88B1CF99A1300EFB23B /* Sources */ = {
			isa = PBXSourcesBuildPhase;
			buildActionMask = 2147483647;
			files = (
				7FB1E8941CF99A1300EFB23B /* BePreparedTests.swift in Sources */,
			);
			runOnlyForDeploymentPostprocessing = 0;
		};
		7FB1E8961CF99A1300EFB23B /* Sources */ = {
			isa = PBXSourcesBuildPhase;
			buildActionMask = 2147483647;
			files = (
				7FB1E89F1CF99A1300EFB23B /* BePreparedUITests.swift in Sources */,
			);
			runOnlyForDeploymentPostprocessing = 0;
		};
/* End PBXSourcesBuildPhase section */

/* Begin PBXTargetDependency section */
		7FB1E8911CF99A1300EFB23B /* PBXTargetDependency */ = {
			isa = PBXTargetDependency;
			target = 7FB1E87A1CF99A1200EFB23B /* BePrepared */;
			targetProxy = 7FB1E8901CF99A1300EFB23B /* PBXContainerItemProxy */;
		};
		7FB1E89C1CF99A1300EFB23B /* PBXTargetDependency */ = {
			isa = PBXTargetDependency;
			target = 7FB1E87A1CF99A1200EFB23B /* BePrepared */;
			targetProxy = 7FB1E89B1CF99A1300EFB23B /* PBXContainerItemProxy */;
		};
/* End PBXTargetDependency section */

/* Begin PBXVariantGroup section */
		7FB1E8821CF99A1200EFB23B /* Main.storyboard */ = {
			isa = PBXVariantGroup;
			children = (
				7FB1E8831CF99A1200EFB23B /* Base */,
			);
			name = Main.storyboard;
			sourceTree = "<group>";
		};
		7FB1E8871CF99A1200EFB23B /* LaunchScreen.storyboard */ = {
			isa = PBXVariantGroup;
			children = (
				7FB1E8881CF99A1200EFB23B /* Base */,
			);
			name = LaunchScreen.storyboard;
			sourceTree = "<group>";
		};
/* End PBXVariantGroup section */

/* Begin XCBuildConfiguration section */
		7FB1E8A11CF99A1300EFB23B /* Debug */ = {
			isa = XCBuildConfiguration;
			buildSettings = {
				ALWAYS_SEARCH_USER_PATHS = NO;
				CLANG_ANALYZER_NONNULL = YES;
				CLANG_CXX_LANGUAGE_STANDARD = "gnu++0x";
				CLANG_CXX_LIBRARY = "libc++";
				CLANG_ENABLE_MODULES = YES;
				CLANG_ENABLE_OBJC_ARC = YES;
				CLANG_WARN_BOOL_CONVERSION = YES;
				CLANG_WARN_CONSTANT_CONVERSION = YES;
				CLANG_WARN_DIRECT_OBJC_ISA_USAGE = YES_ERROR;
				CLANG_WARN_EMPTY_BODY = YES;
				CLANG_WARN_ENUM_CONVERSION = YES;
				CLANG_WARN_INT_CONVERSION = YES;
				CLANG_WARN_OBJC_ROOT_CLASS = YES_ERROR;
				CLANG_WARN_UNREACHABLE_CODE = YES;
				CLANG_WARN__DUPLICATE_METHOD_MATCH = YES;
				"CODE_SIGN_IDENTITY[sdk=iphoneos*]" = "iPhone Developer";
				COPY_PHASE_STRIP = NO;
				DEBUG_INFORMATION_FORMAT = dwarf;
				ENABLE_STRICT_OBJC_MSGSEND = YES;
				ENABLE_TESTABILITY = YES;
				GCC_C_LANGUAGE_STANDARD = gnu99;
				GCC_DYNAMIC_NO_PIC = NO;
				GCC_NO_COMMON_BLOCKS = YES;
				GCC_OPTIMIZATION_LEVEL = 0;
				GCC_PREPROCESSOR_DEFINITIONS = (
					"DEBUG=1",
					"$(inherited)",
				);
				GCC_WARN_64_TO_32_BIT_CONVERSION = YES;
				GCC_WARN_ABOUT_RETURN_TYPE = YES_ERROR;
				GCC_WARN_UNDECLARED_SELECTOR = YES;
				GCC_WARN_UNINITIALIZED_AUTOS = YES_AGGRESSIVE;
				GCC_WARN_UNUSED_FUNCTION = YES;
				GCC_WARN_UNUSED_VARIABLE = YES;
				IPHONEOS_DEPLOYMENT_TARGET = 9.3;
				MTL_ENABLE_DEBUG_INFO = YES;
				ONLY_ACTIVE_ARCH = YES;
				SDKROOT = iphoneos;
				SWIFT_OPTIMIZATION_LEVEL = "-Onone";
			};
			name = Debug;
		};
		7FB1E8A21CF99A1300EFB23B /* Release */ = {
			isa = XCBuildConfiguration;
			buildSettings = {
				ALWAYS_SEARCH_USER_PATHS = NO;
				CLANG_ANALYZER_NONNULL = YES;
				CLANG_CXX_LANGUAGE_STANDARD = "gnu++0x";
				CLANG_CXX_LIBRARY = "libc++";
				CLANG_ENABLE_MODULES = YES;
				CLANG_ENABLE_OBJC_ARC = YES;
				CLANG_WARN_BOOL_CONVERSION = YES;
				CLANG_WARN_CONSTANT_CONVERSION = YES;
				CLANG_WARN_DIRECT_OBJC_ISA_USAGE = YES_ERROR;
				CLANG_WARN_EMPTY_BODY = YES;
				CLANG_WARN_ENUM_CONVERSION = YES;
				CLANG_WARN_INT_CONVERSION = YES;
				CLANG_WARN_OBJC_ROOT_CLASS = YES_ERROR;
				CLANG_WARN_UNREACHABLE_CODE = YES;
				CLANG_WARN__DUPLICATE_METHOD_MATCH = YES;
				"CODE_SIGN_IDENTITY[sdk=iphoneos*]" = "iPhone Developer";
				COPY_PHASE_STRIP = NO;
				DEBUG_INFORMATION_FORMAT = "dwarf-with-dsym";
				ENABLE_NS_ASSERTIONS = NO;
				ENABLE_STRICT_OBJC_MSGSEND = YES;
				GCC_C_LANGUAGE_STANDARD = gnu99;
				GCC_NO_COMMON_BLOCKS = YES;
				GCC_WARN_64_TO_32_BIT_CONVERSION = YES;
				GCC_WARN_ABOUT_RETURN_TYPE = YES_ERROR;
				GCC_WARN_UNDECLARED_SELECTOR = YES;
				GCC_WARN_UNINITIALIZED_AUTOS = YES_AGGRESSIVE;
				GCC_WARN_UNUSED_FUNCTION = YES;
				GCC_WARN_UNUSED_VARIABLE = YES;
				IPHONEOS_DEPLOYMENT_TARGET = 9.3;
				MTL_ENABLE_DEBUG_INFO = NO;
				SDKROOT = iphoneos;
				VALIDATE_PRODUCT = YES;
			};
			name = Release;
		};
		7FB1E8A41CF99A1300EFB23B /* Debug */ = {
			isa = XCBuildConfiguration;
			buildSettings = {
				ASSETCATALOG_COMPILER_APPICON_NAME = AppIcon;
				CODE_SIGN_IDENTITY = "iPhone Developer";
				"CODE_SIGN_IDENTITY[sdk=iphoneos*]" = "iPhone Developer";
				INFOPLIST_FILE = BePrepared/Info.plist;
				LD_RUNPATH_SEARCH_PATHS = "$(inherited) @executable_path/Frameworks";
				PRODUCT_BUNDLE_IDENTIFIER = AppAcademia.BePrepare;
				PRODUCT_NAME = "$(TARGET_NAME)";
				PROVISIONING_PROFILE = "";
			};
			name = Debug;
		};
		7FB1E8A51CF99A1300EFB23B /* Release */ = {
			isa = XCBuildConfiguration;
			buildSettings = {
				ASSETCATALOG_COMPILER_APPICON_NAME = AppIcon;
				CODE_SIGN_IDENTITY = "iPhone Developer";
				"CODE_SIGN_IDENTITY[sdk=iphoneos*]" = "iPhone Developer";
				INFOPLIST_FILE = BePrepared/Info.plist;
				LD_RUNPATH_SEARCH_PATHS = "$(inherited) @executable_path/Frameworks";
				PRODUCT_BUNDLE_IDENTIFIER = AppAcademia.BePrepare;
				PRODUCT_NAME = "$(TARGET_NAME)";
				PROVISIONING_PROFILE = "";
			};
			name = Release;
		};
		7FB1E8A71CF99A1300EFB23B /* Debug */ = {
			isa = XCBuildConfiguration;
			buildSettings = {
				BUNDLE_LOADER = "$(TEST_HOST)";
				INFOPLIST_FILE = BePreparedTests/Info.plist;
				LD_RUNPATH_SEARCH_PATHS = "$(inherited) @executable_path/Frameworks @loader_path/Frameworks";
				PRODUCT_BUNDLE_IDENTIFIER = AppAcademia.BePreparedTests;
				PRODUCT_NAME = "$(TARGET_NAME)";
				TEST_HOST = "$(BUILT_PRODUCTS_DIR)/BePrepared.app/BePrepared";
			};
			name = Debug;
		};
		7FB1E8A81CF99A1300EFB23B /* Release */ = {
			isa = XCBuildConfiguration;
			buildSettings = {
				BUNDLE_LOADER = "$(TEST_HOST)";
				INFOPLIST_FILE = BePreparedTests/Info.plist;
				LD_RUNPATH_SEARCH_PATHS = "$(inherited) @executable_path/Frameworks @loader_path/Frameworks";
				PRODUCT_BUNDLE_IDENTIFIER = AppAcademia.BePreparedTests;
				PRODUCT_NAME = "$(TARGET_NAME)";
				TEST_HOST = "$(BUILT_PRODUCTS_DIR)/BePrepared.app/BePrepared";
			};
			name = Release;
		};
		7FB1E8AA1CF99A1300EFB23B /* Debug */ = {
			isa = XCBuildConfiguration;
			buildSettings = {
				INFOPLIST_FILE = BePreparedUITests/Info.plist;
				LD_RUNPATH_SEARCH_PATHS = "$(inherited) @executable_path/Frameworks @loader_path/Frameworks";
				PRODUCT_BUNDLE_IDENTIFIER = AppAcademia.BePreparedUITests;
				PRODUCT_NAME = "$(TARGET_NAME)";
				TEST_TARGET_NAME = BePrepared;
			};
			name = Debug;
		};
		7FB1E8AB1CF99A1300EFB23B /* Release */ = {
			isa = XCBuildConfiguration;
			buildSettings = {
				INFOPLIST_FILE = BePreparedUITests/Info.plist;
				LD_RUNPATH_SEARCH_PATHS = "$(inherited) @executable_path/Frameworks @loader_path/Frameworks";
				PRODUCT_BUNDLE_IDENTIFIER = AppAcademia.BePreparedUITests;
				PRODUCT_NAME = "$(TARGET_NAME)";
				TEST_TARGET_NAME = BePrepared;
			};
			name = Release;
		};
/* End XCBuildConfiguration section */

/* Begin XCConfigurationList section */
		7FB1E8761CF99A1200EFB23B /* Build configuration list for PBXProject "BePrepared" */ = {
			isa = XCConfigurationList;
			buildConfigurations = (
				7FB1E8A11CF99A1300EFB23B /* Debug */,
				7FB1E8A21CF99A1300EFB23B /* Release */,
			);
			defaultConfigurationIsVisible = 0;
			defaultConfigurationName = Release;
		};
		7FB1E8A31CF99A1300EFB23B /* Build configuration list for PBXNativeTarget "BePrepared" */ = {
			isa = XCConfigurationList;
			buildConfigurations = (
				7FB1E8A41CF99A1300EFB23B /* Debug */,
				7FB1E8A51CF99A1300EFB23B /* Release */,
			);
			defaultConfigurationIsVisible = 0;
			defaultConfigurationName = Release;
		};
		7FB1E8A61CF99A1300EFB23B /* Build configuration list for PBXNativeTarget "BePreparedTests" */ = {
			isa = XCConfigurationList;
			buildConfigurations = (
				7FB1E8A71CF99A1300EFB23B /* Debug */,
				7FB1E8A81CF99A1300EFB23B /* Release */,
			);
			defaultConfigurationIsVisible = 0;
			defaultConfigurationName = Release;
		};
		7FB1E8A91CF99A1300EFB23B /* Build configuration list for PBXNativeTarget "BePreparedUITests" */ = {
			isa = XCConfigurationList;
			buildConfigurations = (
				7FB1E8AA1CF99A1300EFB23B /* Debug */,
				7FB1E8AB1CF99A1300EFB23B /* Release */,
			);
			defaultConfigurationIsVisible = 0;
			defaultConfigurationName = Release;
		};
/* End XCConfigurationList section */
	};
	rootObject = 7FB1E8731CF99A1200EFB23B /* Project object */;
}
